// !$*UTF8*$!
{
	archiveVersion = 1;
	classes = {
	};
	objectVersion = 46;
	objects = {

/* Begin PBXBuildFile section */
		3E720407BA19BA49BFB47FC0 /* libPods.a in Frameworks */ = {isa = PBXBuildFile; fileRef = F35C6E609E3C3464E1BB7AD3 /* libPods.a */; };
		BCFF4F641C425965006788EB /* main.m in Sources */ = {isa = PBXBuildFile; fileRef = BCFF4F631C425965006788EB /* main.m */; };
		BCFF4F671C425965006788EB /* AppDelegate.m in Sources */ = {isa = PBXBuildFile; fileRef = BCFF4F661C425965006788EB /* AppDelegate.m */; };
		BCFF4F6A1C425965006788EB /* ViewController.m in Sources */ = {isa = PBXBuildFile; fileRef = BCFF4F691C425965006788EB /* ViewController.m */; };
		BCFF4F6D1C425965006788EB /* Main.storyboard in Resources */ = {isa = PBXBuildFile; fileRef = BCFF4F6B1C425965006788EB /* Main.storyboard */; };
		BCFF4F6F1C425965006788EB /* Assets.xcassets in Resources */ = {isa = PBXBuildFile; fileRef = BCFF4F6E1C425965006788EB /* Assets.xcassets */; };
		BCFF4F721C425965006788EB /* LaunchScreen.storyboard in Resources */ = {isa = PBXBuildFile; fileRef = BCFF4F701C425965006788EB /* LaunchScreen.storyboard */; };
		BCFF4F7D1C425966006788EB /* OrganizationProjectTests.m in Sources */ = {isa = PBXBuildFile; fileRef = BCFF4F7C1C425966006788EB /* OrganizationProjectTests.m */; };
		BCFF4F881C425966006788EB /* OrganizationProjectUITests.m in Sources */ = {isa = PBXBuildFile; fileRef = BCFF4F871C425966006788EB /* OrganizationProjectUITests.m */; };
		BCFF4F9D1C4337CB006788EB /* CFQClassController.m in Sources */ = {isa = PBXBuildFile; fileRef = BCFF4F9C1C4337CB006788EB /* CFQClassController.m */; };
/* End PBXBuildFile section */

/* Begin PBXContainerItemProxy section */
		BCFF4F791C425966006788EB /* PBXContainerItemProxy */ = {
			isa = PBXContainerItemProxy;
			containerPortal = BCFF4F571C425965006788EB /* Project object */;
			proxyType = 1;
			remoteGlobalIDString = BCFF4F5E1C425965006788EB;
			remoteInfo = OrganizationProject;
		};
		BCFF4F841C425966006788EB /* PBXContainerItemProxy */ = {
			isa = PBXContainerItemProxy;
			containerPortal = BCFF4F571C425965006788EB /* Project object */;
			proxyType = 1;
			remoteGlobalIDString = BCFF4F5E1C425965006788EB;
			remoteInfo = OrganizationProject;
		};
/* End PBXContainerItemProxy section */

/* Begin PBXFileReference section */
		25B3166CB569FF30E4959725 /* Pods.debug.xcconfig */ = {isa = PBXFileReference; includeInIndex = 1; lastKnownFileType = text.xcconfig; name = Pods.debug.xcconfig; path = "Pods/Target Support Files/Pods/Pods.debug.xcconfig"; sourceTree = "<group>"; };
		87A86534F14D2F07393C341E /* Pods.release.xcconfig */ = {isa = PBXFileReference; includeInIndex = 1; lastKnownFileType = text.xcconfig; name = Pods.release.xcconfig; path = "Pods/Target Support Files/Pods/Pods.release.xcconfig"; sourceTree = "<group>"; };
		BCFF4F5F1C425965006788EB /* OrganizationProject.app */ = {isa = PBXFileReference; explicitFileType = wrapper.application; includeInIndex = 0; path = OrganizationProject.app; sourceTree = BUILT_PRODUCTS_DIR; };
		BCFF4F631C425965006788EB /* main.m */ = {isa = PBXFileReference; lastKnownFileType = sourcecode.c.objc; path = main.m; sourceTree = "<group>"; };
		BCFF4F651C425965006788EB /* AppDelegate.h */ = {isa = PBXFileReference; lastKnownFileType = sourcecode.c.h; path = AppDelegate.h; sourceTree = "<group>"; };
		BCFF4F661C425965006788EB /* AppDelegate.m */ = {isa = PBXFileReference; lastKnownFileType = sourcecode.c.objc; path = AppDelegate.m; sourceTree = "<group>"; };
		BCFF4F681C425965006788EB /* ViewController.h */ = {isa = PBXFileReference; lastKnownFileType = sourcecode.c.h; path = ViewController.h; sourceTree = "<group>"; };
		BCFF4F691C425965006788EB /* ViewController.m */ = {isa = PBXFileReference; lastKnownFileType = sourcecode.c.objc; path = ViewController.m; sourceTree = "<group>"; };
		BCFF4F6C1C425965006788EB /* Base */ = {isa = PBXFileReference; lastKnownFileType = file.storyboard; name = Base; path = Base.lproj/Main.storyboard; sourceTree = "<group>"; };
		BCFF4F6E1C425965006788EB /* Assets.xcassets */ = {isa = PBXFileReference; lastKnownFileType = folder.assetcatalog; path = Assets.xcassets; sourceTree = "<group>"; };
		BCFF4F711C425965006788EB /* Base */ = {isa = PBXFileReference; lastKnownFileType = file.storyboard; name = Base; path = Base.lproj/LaunchScreen.storyboard; sourceTree = "<group>"; };
		BCFF4F731C425965006788EB /* Info.plist */ = {isa = PBXFileReference; lastKnownFileType = text.plist.xml; path = Info.plist; sourceTree = "<group>"; };
		BCFF4F781C425966006788EB /* OrganizationProjectTests.xctest */ = {isa = PBXFileReference; explicitFileType = wrapper.cfbundle; includeInIndex = 0; path = OrganizationProjectTests.xctest; sourceTree = BUILT_PRODUCTS_DIR; };
		BCFF4F7C1C425966006788EB /* OrganizationProjectTests.m */ = {isa = PBXFileReference; lastKnownFileType = sourcecode.c.objc; path = OrganizationProjectTests.m; sourceTree = "<group>"; };
		BCFF4F7E1C425966006788EB /* Info.plist */ = {isa = PBXFileReference; lastKnownFileType = text.plist.xml; path = Info.plist; sourceTree = "<group>"; };
		BCFF4F831C425966006788EB /* OrganizationProjectUITests.xctest */ = {isa = PBXFileReference; explicitFileType = wrapper.cfbundle; includeInIndex = 0; path = OrganizationProjectUITests.xctest; sourceTree = BUILT_PRODUCTS_DIR; };
		BCFF4F871C425966006788EB /* OrganizationProjectUITests.m */ = {isa = PBXFileReference; lastKnownFileType = sourcecode.c.objc; path = OrganizationProjectUITests.m; sourceTree = "<group>"; };
		BCFF4F891C425966006788EB /* Info.plist */ = {isa = PBXFileReference; lastKnownFileType = text.plist.xml; path = Info.plist; sourceTree = "<group>"; };
		BCFF4F951C425CE7006788EB /* Header.h */ = {isa = PBXFileReference; fileEncoding = 4; lastKnownFileType = sourcecode.c.h; path = Header.h; sourceTree = "<group>"; };
		BCFF4F9B1C4337CB006788EB /* CFQClassController.h */ = {isa = PBXFileReference; fileEncoding = 4; lastKnownFileType = sourcecode.c.h; path = CFQClassController.h; sourceTree = "<group>"; };
		BCFF4F9C1C4337CB006788EB /* CFQClassController.m */ = {isa = PBXFileReference; fileEncoding = 4; lastKnownFileType = sourcecode.c.objc; path = CFQClassController.m; sourceTree = "<group>"; };
		F35C6E609E3C3464E1BB7AD3 /* libPods.a */ = {isa = PBXFileReference; explicitFileType = archive.ar; includeInIndex = 0; path = libPods.a; sourceTree = BUILT_PRODUCTS_DIR; };
/* End PBXFileReference section */

/* Begin PBXFrameworksBuildPhase section */
		BCFF4F5C1C425965006788EB /* Frameworks */ = {
			isa = PBXFrameworksBuildPhase;
			buildActionMask = 2147483647;
			files = (
				3E720407BA19BA49BFB47FC0 /* libPods.a in Frameworks */,
			);
			runOnlyForDeploymentPostprocessing = 0;
		};
		BCFF4F751C425966006788EB /* Frameworks */ = {
			isa = PBXFrameworksBuildPhase;
			buildActionMask = 2147483647;
			files = (
			);
			runOnlyForDeploymentPostprocessing = 0;
		};
		BCFF4F801C425966006788EB /* Frameworks */ = {
			isa = PBXFrameworksBuildPhase;
			buildActionMask = 2147483647;
			files = (
			);
			runOnlyForDeploymentPostprocessing = 0;
		};
/* End PBXFrameworksBuildPhase section */

/* Begin PBXGroup section */
		859F1918205641046E7BD9A0 /* Pods */ = {
			isa = PBXGroup;
			children = (
				25B3166CB569FF30E4959725 /* Pods.debug.xcconfig */,
				87A86534F14D2F07393C341E /* Pods.release.xcconfig */,
			);
			name = Pods;
			sourceTree = "<group>";
		};
		A5C20E05FB12D9D83CA2DA25 /* Frameworks */ = {
			isa = PBXGroup;
			children = (
				F35C6E609E3C3464E1BB7AD3 /* libPods.a */,
			);
			name = Frameworks;
			sourceTree = "<group>";
		};
		BCFF4F561C425965006788EB = {
			isa = PBXGroup;
			children = (
				BCFF4F611C425965006788EB /* OrganizationProject */,
				BCFF4F7B1C425966006788EB /* OrganizationProjectTests */,
				BCFF4F861C425966006788EB /* OrganizationProjectUITests */,
				BCFF4F601C425965006788EB /* Products */,
				859F1918205641046E7BD9A0 /* Pods */,
				A5C20E05FB12D9D83CA2DA25 /* Frameworks */,
			);
			sourceTree = "<group>";
		};
		BCFF4F601C425965006788EB /* Products */ = {
			isa = PBXGroup;
			children = (
				BCFF4F5F1C425965006788EB /* OrganizationProject.app */,
				BCFF4F781C425966006788EB /* OrganizationProjectTests.xctest */,
				BCFF4F831C425966006788EB /* OrganizationProjectUITests.xctest */,
			);
			name = Products;
			sourceTree = "<group>";
		};
		BCFF4F611C425965006788EB /* OrganizationProject */ = {
			isa = PBXGroup;
			children = (
				BCFF4F9E1C4337D8006788EB /* OrgaizationClass */,
				BCFF4F971C4336F3006788EB /* ZKClass */,
				BCFF4F961C4336D9006788EB /* CFQClass */,
				BCFF4F651C425965006788EB /* AppDelegate.h */,
				BCFF4F661C425965006788EB /* AppDelegate.m */,
				BCFF4F681C425965006788EB /* ViewController.h */,
				BCFF4F691C425965006788EB /* ViewController.m */,
				BCFF4F6B1C425965006788EB /* Main.storyboard */,
				BCFF4F6E1C425965006788EB /* Assets.xcassets */,
				BCFF4F701C425965006788EB /* LaunchScreen.storyboard */,
				BCFF4F731C425965006788EB /* Info.plist */,
				BCFF4F621C425965006788EB /* Supporting Files */,
				BCFF4F951C425CE7006788EB /* Header.h */,
			);
			path = OrganizationProject;
			sourceTree = "<group>";
		};
		BCFF4F621C425965006788EB /* Supporting Files */ = {
			isa = PBXGroup;
			children = (
				BCFF4F631C425965006788EB /* main.m */,
			);
			name = "Supporting Files";
			sourceTree = "<group>";
		};
		BCFF4F7B1C425966006788EB /* OrganizationProjectTests */ = {
			isa = PBXGroup;
			children = (
				BCFF4F7C1C425966006788EB /* OrganizationProjectTests.m */,
				BCFF4F7E1C425966006788EB /* Info.plist */,
			);
			path = OrganizationProjectTests;
			sourceTree = "<group>";
		};
		BCFF4F861C425966006788EB /* OrganizationProjectUITests */ = {
			isa = PBXGroup;
			children = (
				BCFF4F871C425966006788EB /* OrganizationProjectUITests.m */,
				BCFF4F891C425966006788EB /* Info.plist */,
			);
			path = OrganizationProjectUITests;
			sourceTree = "<group>";
		};
		BCFF4F961C4336D9006788EB /* CFQClass */ = {
			isa = PBXGroup;
			children = (
				BCFF4F9B1C4337CB006788EB /* CFQClassController.h */,
				BCFF4F9C1C4337CB006788EB /* CFQClassController.m */,
			);
			name = CFQClass;
			sourceTree = "<group>";
		};
		BCFF4F971C4336F3006788EB /* ZKClass */ = {
			isa = PBXGroup;
			children = (
			);
			name = ZKClass;
			sourceTree = "<group>";
		};
		BCFF4F9E1C4337D8006788EB /* OrgaizationClass */ = {
			isa = PBXGroup;
			children = (
			);
			name = OrgaizationClass;
			sourceTree = "<group>";
		};
/* End PBXGroup section */

/* Begin PBXNativeTarget section */
		BCFF4F5E1C425965006788EB /* OrganizationProject */ = {
			isa = PBXNativeTarget;
			buildConfigurationList = BCFF4F8C1C425966006788EB /* Build configuration list for PBXNativeTarget "OrganizationProject" */;
			buildPhases = (
				897B7386CCBDC19206E73823 /* Check Pods Manifest.lock */,
				BCFF4F5B1C425965006788EB /* Sources */,
				BCFF4F5C1C425965006788EB /* Frameworks */,
				BCFF4F5D1C425965006788EB /* Resources */,
				BD9575E5C1AF11EEDF547F6C /* Embed Pods Frameworks */,
				D3D75BC01315FC042DFEC847 /* Copy Pods Resources */,
			);
			buildRules = (
			);
			dependencies = (
			);
			name = OrganizationProject;
			productName = OrganizationProject;
			productReference = BCFF4F5F1C425965006788EB /* OrganizationProject.app */;
			productType = "com.apple.product-type.application";
		};
		BCFF4F771C425966006788EB /* OrganizationProjectTests */ = {
			isa = PBXNativeTarget;
			buildConfigurationList = BCFF4F8F1C425966006788EB /* Build configuration list for PBXNativeTarget "OrganizationProjectTests" */;
			buildPhases = (
				BCFF4F741C425966006788EB /* Sources */,
				BCFF4F751C425966006788EB /* Frameworks */,
				BCFF4F761C425966006788EB /* Resources */,
			);
			buildRules = (
			);
			dependencies = (
				BCFF4F7A1C425966006788EB /* PBXTargetDependency */,
			);
			name = OrganizationProjectTests;
			productName = OrganizationProjectTests;
			productReference = BCFF4F781C425966006788EB /* OrganizationProjectTests.xctest */;
			productType = "com.apple.product-type.bundle.unit-test";
		};
		BCFF4F821C425966006788EB /* OrganizationProjectUITests */ = {
			isa = PBXNativeTarget;
			buildConfigurationList = BCFF4F921C425966006788EB /* Build configuration list for PBXNativeTarget "OrganizationProjectUITests" */;
			buildPhases = (
				BCFF4F7F1C425966006788EB /* Sources */,
				BCFF4F801C425966006788EB /* Frameworks */,
				BCFF4F811C425966006788EB /* Resources */,
			);
			buildRules = (
			);
			dependencies = (
				BCFF4F851C425966006788EB /* PBXTargetDependency */,
			);
			name = OrganizationProjectUITests;
			productName = OrganizationProjectUITests;
			productReference = BCFF4F831C425966006788EB /* OrganizationProjectUITests.xctest */;
			productType = "com.apple.product-type.bundle.ui-testing";
		};
/* End PBXNativeTarget section */

/* Begin PBXProject section */
		BCFF4F571C425965006788EB /* Project object */ = {
			isa = PBXProject;
			attributes = {
				LastUpgradeCheck = 0710;
				ORGANIZATIONNAME = "曹福清";
				TargetAttributes = {
					BCFF4F5E1C425965006788EB = {
						CreatedOnToolsVersion = 7.1;
					};
					BCFF4F771C425966006788EB = {
						CreatedOnToolsVersion = 7.1;
						TestTargetID = BCFF4F5E1C425965006788EB;
					};
					BCFF4F821C425966006788EB = {
						CreatedOnToolsVersion = 7.1;
						TestTargetID = BCFF4F5E1C425965006788EB;
					};
				};
			};
			buildConfigurationList = BCFF4F5A1C425965006788EB /* Build configuration list for PBXProject "OrganizationProject" */;
			compatibilityVersion = "Xcode 3.2";
			developmentRegion = English;
			hasScannedForEncodings = 0;
			knownRegions = (
				en,
				Base,
			);
			mainGroup = BCFF4F561C425965006788EB;
			productRefGroup = BCFF4F601C425965006788EB /* Products */;
			projectDirPath = "";
			projectRoot = "";
			targets = (
				BCFF4F5E1C425965006788EB /* OrganizationProject */,
				BCFF4F771C425966006788EB /* OrganizationProjectTests */,
				BCFF4F821C425966006788EB /* OrganizationProjectUITests */,
			);
		};
/* End PBXProject section */

/* Begin PBXResourcesBuildPhase section */
		BCFF4F5D1C425965006788EB /* Resources */ = {
			isa = PBXResourcesBuildPhase;
			buildActionMask = 2147483647;
			files = (
				BCFF4F721C425965006788EB /* LaunchScreen.storyboard in Resources */,
				BCFF4F6F1C425965006788EB /* Assets.xcassets in Resources */,
				BCFF4F6D1C425965006788EB /* Main.storyboard in Resources */,
			);
			runOnlyForDeploymentPostprocessing = 0;
		};
		BCFF4F761C425966006788EB /* Resources */ = {
			isa = PBXResourcesBuildPhase;
			buildActionMask = 2147483647;
			files = (
			);
			runOnlyForDeploymentPostprocessing = 0;
		};
		BCFF4F811C425966006788EB /* Resources */ = {
			isa = PBXResourcesBuildPhase;
			buildActionMask = 2147483647;
			files = (
			);
			runOnlyForDeploymentPostprocessing = 0;
		};
/* End PBXResourcesBuildPhase section */

/* Begin PBXShellScriptBuildPhase section */
		897B7386CCBDC19206E73823 /* Check Pods Manifest.lock */ = {
			isa = PBXShellScriptBuildPhase;
			buildActionMask = 2147483647;
			files = (
			);
			inputPaths = (
			);
			name = "Check Pods Manifest.lock";
			outputPaths = (
			);
			runOnlyForDeploymentPostprocessing = 0;
			shellPath = /bin/sh;
			shellScript = "diff \"${PODS_ROOT}/../Podfile.lock\" \"${PODS_ROOT}/Manifest.lock\" > /dev/null\nif [[ $? != 0 ]] ; then\n    cat << EOM\nerror: The sandbox is not in sync with the Podfile.lock. Run 'pod install' or update your CocoaPods installation.\nEOM\n    exit 1\nfi\n";
			showEnvVarsInLog = 0;
		};
		BD9575E5C1AF11EEDF547F6C /* Embed Pods Frameworks */ = {
			isa = PBXShellScriptBuildPhase;
			buildActionMask = 2147483647;
			files = (
			);
			inputPaths = (
			);
			name = "Embed Pods Frameworks";
			outputPaths = (
			);
			runOnlyForDeploymentPostprocessing = 0;
			shellPath = /bin/sh;
			shellScript = "\"${SRCROOT}/Pods/Target Support Files/Pods/Pods-frameworks.sh\"\n";
			showEnvVarsInLog = 0;
		};
		D3D75BC01315FC042DFEC847 /* Copy Pods Resources */ = {
			isa = PBXShellScriptBuildPhase;
			buildActionMask = 2147483647;
			files = (
			);
			inputPaths = (
			);
			name = "Copy Pods Resources";
			outputPaths = (
			);
			runOnlyForDeploymentPostprocessing = 0;
			shellPath = /bin/sh;
			shellScript = "\"${SRCROOT}/Pods/Target Support Files/Pods/Pods-resources.sh\"\n";
			showEnvVarsInLog = 0;
		};
/* End PBXShellScriptBuildPhase section */

/* Begin PBXSourcesBuildPhase section */
		BCFF4F5B1C425965006788EB /* Sources */ = {
			isa = PBXSourcesBuildPhase;
			buildActionMask = 2147483647;
			files = (
				BCFF4F6A1C425965006788EB /* ViewController.m in Sources */,
				BCFF4F671C425965006788EB /* AppDelegate.m in Sources */,
				BCFF4F641C425965006788EB /* main.m in Sources */,
				BCFF4F9D1C4337CB006788EB /* CFQClassController.m in Sources */,
			);
			runOnlyForDeploymentPostprocessing = 0;
		};
		BCFF4F741C425966006788EB /* Sources */ = {
			isa = PBXSourcesBuildPhase;
			buildActionMask = 2147483647;
			files = (
				BCFF4F7D1C425966006788EB /* OrganizationProjectTests.m in Sources */,
			);
			runOnlyForDeploymentPostprocessing = 0;
		};
		BCFF4F7F1C425966006788EB /* Sources */ = {
			isa = PBXSourcesBuildPhase;
			buildActionMask = 2147483647;
			files = (
				BCFF4F881C425966006788EB /* OrganizationProjectUITests.m in Sources */,
			);
			runOnlyForDeploymentPostprocessing = 0;
		};
/* End PBXSourcesBuildPhase section */

/* Begin PBXTargetDependency section */
		BCFF4F7A1C425966006788EB /* PBXTargetDependency */ = {
			isa = PBXTargetDependency;
			target = BCFF4F5E1C425965006788EB /* OrganizationProject */;
			targetProxy = BCFF4F791C425966006788EB /* PBXContainerItemProxy */;
		};
		BCFF4F851C425966006788EB /* PBXTargetDependency */ = {
			isa = PBXTargetDependency;
			target = BCFF4F5E1C425965006788EB /* OrganizationProject */;
			targetProxy = BCFF4F841C425966006788EB /* PBXContainerItemProxy */;
		};
/* End PBXTargetDependency section */

/* Begin PBXVariantGroup section */
		BCFF4F6B1C425965006788EB /* Main.storyboard */ = {
			isa = PBXVariantGroup;
			children = (
				BCFF4F6C1C425965006788EB /* Base */,
			);
			name = Main.storyboard;
			sourceTree = "<group>";
		};
		BCFF4F701C425965006788EB /* LaunchScreen.storyboard */ = {
			isa = PBXVariantGroup;
			children = (
				BCFF4F711C425965006788EB /* Base */,
			);
			name = LaunchScreen.storyboard;
			sourceTree = "<group>";
		};
/* End PBXVariantGroup section */

/* Begin XCBuildConfiguration section */
		BCFF4F8A1C425966006788EB /* Debug */ = {
			isa = XCBuildConfiguration;
			buildSettings = {
				ALWAYS_SEARCH_USER_PATHS = NO;
				CLANG_CXX_LANGUAGE_STANDARD = "gnu++0x";
				CLANG_CXX_LIBRARY = "libc++";
				CLANG_ENABLE_MODULES = YES;
				CLANG_ENABLE_OBJC_ARC = YES;
				CLANG_WARN_BOOL_CONVERSION = YES;
				CLANG_WARN_CONSTANT_CONVERSION = YES;
				CLANG_WARN_DIRECT_OBJC_ISA_USAGE = YES_ERROR;
				CLANG_WARN_EMPTY_BODY = YES;
				CLANG_WARN_ENUM_CONVERSION = YES;
				CLANG_WARN_INT_CONVERSION = YES;
				CLANG_WARN_OBJC_ROOT_CLASS = YES_ERROR;
				CLANG_WARN_UNREACHABLE_CODE = YES;
				CLANG_WARN__DUPLICATE_METHOD_MATCH = YES;
				"CODE_SIGN_IDENTITY[sdk=iphoneos*]" = "iPhone Developer";
				COPY_PHASE_STRIP = NO;
				DEBUG_INFORMATION_FORMAT = dwarf;
				ENABLE_STRICT_OBJC_MSGSEND = YES;
				ENABLE_TESTABILITY = YES;
				GCC_C_LANGUAGE_STANDARD = gnu99;
				GCC_DYNAMIC_NO_PIC = NO;
				GCC_NO_COMMON_BLOCKS = YES;
				GCC_OPTIMIZATION_LEVEL = 0;
				GCC_PREPROCESSOR_DEFINITIONS = (
					"DEBUG=1",
					"$(inherited)",
				);
				GCC_WARN_64_TO_32_BIT_CONVERSION = YES;
				GCC_WARN_ABOUT_RETURN_TYPE = YES_ERROR;
				GCC_WARN_UNDECLARED_SELECTOR = YES;
				GCC_WARN_UNINITIALIZED_AUTOS = YES_AGGRESSIVE;
				GCC_WARN_UNUSED_FUNCTION = YES;
				GCC_WARN_UNUSED_VARIABLE = YES;
				IPHONEOS_DEPLOYMENT_TARGET = 9.1;
				MTL_ENABLE_DEBUG_INFO = YES;
				ONLY_ACTIVE_ARCH = YES;
				SDKROOT = iphoneos;
				TARGETED_DEVICE_FAMILY = "1,2";
			};
			name = Debug;
		};
		BCFF4F8B1C425966006788EB /* Release */ = {
			isa = XCBuildConfiguration;
			buildSettings = {
				ALWAYS_SEARCH_USER_PATHS = NO;
				CLANG_CXX_LANGUAGE_STANDARD = "gnu++0x";
				CLANG_CXX_LIBRARY = "libc++";
				CLANG_ENABLE_MODULES = YES;
				CLANG_ENABLE_OBJC_ARC = YES;
				CLANG_WARN_BOOL_CONVERSION = YES;
				CLANG_WARN_CONSTANT_CONVERSION = YES;
				CLANG_WARN_DIRECT_OBJC_ISA_USAGE = YES_ERROR;
				CLANG_WARN_EMPTY_BODY = YES;
				CLANG_WARN_ENUM_CONVERSION = YES;
				CLANG_WARN_INT_CONVERSION = YES;
				CLANG_WARN_OBJC_ROOT_CLASS = YES_ERROR;
				CLANG_WARN_UNREACHABLE_CODE = YES;
				CLANG_WARN__DUPLICATE_METHOD_MATCH = YES;
				"CODE_SIGN_IDENTITY[sdk=iphoneos*]" = "iPhone Developer";
				COPY_PHASE_STRIP = NO;
				DEBUG_INFORMATION_FORMAT = "dwarf-with-dsym";
				ENABLE_NS_ASSERTIONS = NO;
				ENABLE_STRICT_OBJC_MSGSEND = YES;
				GCC_C_LANGUAGE_STANDARD = gnu99;
				GCC_NO_COMMON_BLOCKS = YES;
				GCC_WARN_64_TO_32_BIT_CONVERSION = YES;
				GCC_WARN_ABOUT_RETURN_TYPE = YES_ERROR;
				GCC_WARN_UNDECLARED_SELECTOR = YES;
				GCC_WARN_UNINITIALIZED_AUTOS = YES_AGGRESSIVE;
				GCC_WARN_UNUSED_FUNCTION = YES;
				GCC_WARN_UNUSED_VARIABLE = YES;
				IPHONEOS_DEPLOYMENT_TARGET = 9.1;
				MTL_ENABLE_DEBUG_INFO = NO;
				SDKROOT = iphoneos;
				TARGETED_DEVICE_FAMILY = "1,2";
				VALIDATE_PRODUCT = YES;
			};
			name = Release;
		};
		BCFF4F8D1C425966006788EB /* Debug */ = {
			isa = XCBuildConfiguration;
			baseConfigurationReference = 25B3166CB569FF30E4959725 /* Pods.debug.xcconfig */;
			buildSettings = {
				ASSETCATALOG_COMPILER_APPICON_NAME = AppIcon;
				INFOPLIST_FILE = OrganizationProject/Info.plist;
				IPHONEOS_DEPLOYMENT_TARGET = 8.0;
				LD_RUNPATH_SEARCH_PATHS = "$(inherited) @executable_path/Frameworks";
				PRODUCT_BUNDLE_IDENTIFIER = com.1517.OrganizationProject;
				PRODUCT_NAME = "$(TARGET_NAME)";
			};
			name = Debug;
		};
		BCFF4F8E1C425966006788EB /* Release */ = {
			isa = XCBuildConfiguration;
			baseConfigurationReference = 87A86534F14D2F07393C341E /* Pods.release.xcconfig */;
			buildSettings = {
				ASSETCATALOG_COMPILER_APPICON_NAME = AppIcon;
				INFOPLIST_FILE = OrganizationProject/Info.plist;
				IPHONEOS_DEPLOYMENT_TARGET = 8.0;
				LD_RUNPATH_SEARCH_PATHS = "$(inherited) @executable_path/Frameworks";
				PRODUCT_BUNDLE_IDENTIFIER = com.1517.OrganizationProject;
				PRODUCT_NAME = "$(TARGET_NAME)";
			};
			name = Release;
		};
		BCFF4F901C425966006788EB /* Debug */ = {
			isa = XCBuildConfiguration;
			buildSettings = {
				BUNDLE_LOADER = "$(TEST_HOST)";
				INFOPLIST_FILE = OrganizationProjectTests/Info.plist;
				LD_RUNPATH_SEARCH_PATHS = "$(inherited) @executable_path/Frameworks @loader_path/Frameworks";
				PRODUCT_BUNDLE_IDENTIFIER = com.1517.OrganizationProjectTests;
				PRODUCT_NAME = "$(TARGET_NAME)";
				TEST_HOST = "$(BUILT_PRODUCTS_DIR)/OrganizationProject.app/OrganizationProject";
			};
			name = Debug;
		};
		BCFF4F911C425966006788EB /* Release */ = {
			isa = XCBuildConfiguration;
			buildSettings = {
				BUNDLE_LOADER = "$(TEST_HOST)";
				INFOPLIST_FILE = OrganizationProjectTests/Info.plist;
				LD_RUNPATH_SEARCH_PATHS = "$(inherited) @executable_path/Frameworks @loader_path/Frameworks";
				PRODUCT_BUNDLE_IDENTIFIER = com.1517.OrganizationProjectTests;
				PRODUCT_NAME = "$(TARGET_NAME)";
				TEST_HOST = "$(BUILT_PRODUCTS_DIR)/OrganizationProject.app/OrganizationProject";
			};
			name = Release;
		};
		BCFF4F931C425966006788EB /* Debug */ = {
			isa = XCBuildConfiguration;
			buildSettings = {
				INFOPLIST_FILE = OrganizationProjectUITests/Info.plist;
				LD_RUNPATH_SEARCH_PATHS = "$(inherited) @executable_path/Frameworks @loader_path/Frameworks";
				PRODUCT_BUNDLE_IDENTIFIER = com.1517.OrganizationProjectUITests;
				PRODUCT_NAME = "$(TARGET_NAME)";
				TEST_TARGET_NAME = OrganizationProject;
				USES_XCTRUNNER = YES;
			};
			name = Debug;
		};
		BCFF4F941C425966006788EB /* Release */ = {
			isa = XCBuildConfiguration;
			buildSettings = {
				INFOPLIST_FILE = OrganizationProjectUITests/Info.plist;
				LD_RUNPATH_SEARCH_PATHS = "$(inherited) @executable_path/Frameworks @loader_path/Frameworks";
				PRODUCT_BUNDLE_IDENTIFIER = com.1517.OrganizationProjectUITests;
				PRODUCT_NAME = "$(TARGET_NAME)";
				TEST_TARGET_NAME = OrganizationProject;
				USES_XCTRUNNER = YES;
			};
			name = Release;
		};
/* End XCBuildConfiguration section */

/* Begin XCConfigurationList section */
		BCFF4F5A1C425965006788EB /* Build configuration list for PBXProject "OrganizationProject" */ = {
			isa = XCConfigurationList;
			buildConfigurations = (
				BCFF4F8A1C425966006788EB /* Debug */,
				BCFF4F8B1C425966006788EB /* Release */,
			);
			defaultConfigurationIsVisible = 0;
			defaultConfigurationName = Release;
		};
		BCFF4F8C1C425966006788EB /* Build configuration list for PBXNativeTarget "OrganizationProject" */ = {
			isa = XCConfigurationList;
			buildConfigurations = (
				BCFF4F8D1C425966006788EB /* Debug */,
				BCFF4F8E1C425966006788EB /* Release */,
			);
			defaultConfigurationIsVisible = 0;
			defaultConfigurationName = Release;
		};
		BCFF4F8F1C425966006788EB /* Build configuration list for PBXNativeTarget "OrganizationProjectTests" */ = {
			isa = XCConfigurationList;
			buildConfigurations = (
				BCFF4F901C425966006788EB /* Debug */,
				BCFF4F911C425966006788EB /* Release */,
			);
			defaultConfigurationIsVisible = 0;
			defaultConfigurationName = Release;
		};
		BCFF4F921C425966006788EB /* Build configuration list for PBXNativeTarget "OrganizationProjectUITests" */ = {
			isa = XCConfigurationList;
			buildConfigurations = (
				BCFF4F931C425966006788EB /* Debug */,
				BCFF4F941C425966006788EB /* Release */,
			);
			defaultConfigurationIsVisible = 0;
			defaultConfigurationName = Release;
		};
/* End XCConfigurationList section */
	};
	rootObject = BCFF4F571C425965006788EB /* Project object */;
}
